
Microsoft Visual Studio Solution File, Format Version 12.00
# Visual Studio 14
VisualStudioVersion = 14.0.25420.1
MinimumVisualStudioVersion = 10.0.40219.1
Project("{FAE04EC0-301F-11D3-BF4B-00C04F79EFBC}") = "Static", "Static\Static.csproj", "{5A3AEBF7-3477-40D3-ACF7-E12E09A07202}"
EndProject
Global
	GlobalSection(SolutionConfigurationPlatforms) = preSolution
		Debug|Any CPU = Debug|Any CPU
		Release|Any CPU = Release|Any CPU
	EndGlobalSection
	GlobalSection(ProjectConfigurationPlatforms) = postSolution
		{5A3AEBF7-3477-40D3-ACF7-E12E09A07202}.Debug|Any CPU.ActiveCfg = Debug|Any CPU
		{5A3AEBF7-3477-40D3-ACF7-E12E09A07202}.Debug|Any CPU.Build.0 = Debug|Any CPU
		{5A3AEBF7-3477-40D3-ACF7-E12E09A07202}.Release|Any CPU.ActiveCfg = Release|Any CPU
		{5A3AEBF7-3477-40D3-ACF7-E12E09A07202}.Release|Any CPU.Build.0 = Release|Any CPU
	EndGlobalSection
	GlobalSection(SolutionProperties) = preSolution
		HideSolutionNode = FALSE
	EndGlobalSection
EndGlobal
